<?xml version="1.0" encoding="UTF-8" standalone="yes" ?>
<CodeBlocks_project_file>
	<FileVersion major="1" minor="6" />
	<Project>
		<Option title="AIBoard" />
		<Option pch_mode="2" />
		<Option compiler="gcc" />
		<Build>
			<Target title="Debug">
				<Option output="bin/Debug/AIBoard" prefix_auto="1" extension_auto="1" />
				<Option object_output="obj/Debug/" />
				<Option type="1" />
				<Option compiler="gcc" />
				<Compiler>
					<Add option="-g" />
					<Add option="-std=c++17" />
					<Add option="-pthread" />
					<Add option="-lboost_system -lboost_thread -lpthread" />
					<Add directory="include/IO/Interpreter" />
					<Add directory="include/Runtime" />
					<Add directory="include/IO/Component" />
					<Add directory="include/IO/REST-Server" />
					<Add directory="/usr/local/include/boost" />
				</Compiler>
				<Linker>
					<Add library="/usr/local/lib/libboost_filesystem.a" />
					<Add library="/usr/local/lib/libboost_system.a" />
					<Add library="/usr/lib/x86_64-linux-gnu/libpthread.a" />
					<Add library="/usr/lib/x86_64-linux-gnu/libpthread_nonshared.a" />
					<Add directory="/usr/local/lib" />
					<Add directory="/usr/lib/x86_64-linux-gnu" />
				</Linker>
			</Target>
			<Target title="Release">
				<Option output="bin/Release/AIBoard" prefix_auto="1" extension_auto="1" />
				<Option object_output="obj/Release/" />
				<Option type="1" />
				<Option compiler="gcc" />
				<Compiler>
					<Add option="-O2" />
					<Add directory="include/IO" />
					<Add directory="include" />
					<Add directory="include/IO/Interpreter" />
				</Compiler>
				<Linker>
					<Add option="-s" />
				</Linker>
			</Target>
		</Build>
		<Compiler>
			<Add option="-Wall" />
			<Add option="-fexceptions" />
		</Compiler>
		<Unit filename="include/IO/Component/AutoEncoder.h" />
		<Unit filename="include/IO/Component/Component.h" />
		<Unit filename="include/IO/Interpreter/Parser.h" />
		<Unit filename="include/IO/REST-Server/RestServer.h" />
		<Unit filename="include/Runtime/Bus.h" />
		<Unit filename="src/IO/Component/AutoEncoder.cpp" />
		<Unit filename="src/IO/Component/Component.cpp" />
		<Unit filename="src/IO/Interpreter/Parser.cpp" />
		<Unit filename="src/IO/REST-server/RestServer.cpp" />
		<Unit filename="src/Runtime/Bus.cpp" />
		<Unit filename="src/main.cpp" />
		<Extensions>
			<code_completion />
			<debugger />
		</Extensions>
	</Project>
</CodeBlocks_project_file>
